{
  "name": "jsonld-dweb-loader",
  "version": "1.0.1",
  "lockfileVersion": 1,
  "requires": true,
  "dependencies": {
    "base-x": {
      "version": "3.0.4",
      "resolved": "https://registry.npmjs.org/base-x/-/base-x-3.0.4.tgz",
      "integrity": "sha512-UYOadoSIkEI/VrRGSG6qp93rp2WdokiAiNYDfGW5qURAY8GiAQkvMbwNNSDYiVJopqv4gCna7xqf4rrNGp+5AA==",
      "requires": {
        "safe-buffer": "^5.0.1"
      }
    },
    "bs58": {
      "version": "4.0.1",
      "resolved": "https://registry.npmjs.org/bs58/-/bs58-4.0.1.tgz",
      "integrity": "sha1-vhYedsNU9veIrkBx9j806MTwpCo=",
      "requires": {
        "base-x": "^3.0.2"
      }
    },
    "cids": {
      "version": "0.5.7",
      "resolved": "https://registry.npmjs.org/cids/-/cids-0.5.7.tgz",
      "integrity": "sha512-SlAz4p8XMEW3mhwiYbzfjn+5+Y//+kIuHqzRUytK0a3uGBnsjJb76xHliehv0HcVMCjRKv2vZnPTwd4QX+IcMA==",
      "requires": {
        "class-is": "^1.1.0",
        "multibase": "~0.6.0",
        "multicodec": "~0.2.7",
        "multihashes": "~0.4.14"
      }
    },
    "class-is": {
      "version": "1.1.0",
      "resolved": "https://registry.npmjs.org/class-is/-/class-is-1.1.0.tgz",
      "integrity": "sha512-rhjH9AG1fvabIDoGRVH587413LPjTZgmDF9fOFCbFJQV4yuocX1mHxxvXI4g3cGwbVY9wAYIoKlg1N79frJKQw=="
    },
    "multibase": {
      "version": "0.6.0",
      "resolved": "https://registry.npmjs.org/multibase/-/multibase-0.6.0.tgz",
      "integrity": "sha512-R9bNLQhbD7MsitPm1NeY7w9sDgu6d7cuj25snAWH7k5PSNPSwIQQBpcpj8jx1W96dLbdigZqmUWOdQRMnAmgjA==",
      "requires": {
        "base-x": "3.0.4"
      }
    },
    "multicodec": {
      "version": "0.2.7",
      "resolved": "https://registry.npmjs.org/multicodec/-/multicodec-0.2.7.tgz",
      "integrity": "sha512-96xc9zs7bsclMW0Po9ERnRFqcsWHY8OZ8JW/I8DeHG58YYJZy3cBGI00Ze7hz9Ix56DNHMTSxEj9cgoZByruMg==",
      "requires": {
        "varint": "^5.0.0"
      }
    },
    "multihashes": {
      "version": "0.4.14",
      "resolved": "https://registry.npmjs.org/multihashes/-/multihashes-0.4.14.tgz",
      "integrity": "sha512-V/g/EIN6nALXfS/xHUAgtfPP3mn3sPIF/i9beuGKf25QXS2QZYCpeVJbDPEannkz32B2fihzCe2D/KMrbcmefg==",
      "requires": {
        "bs58": "^4.0.1",
        "varint": "^5.0.0"
      }
    },
    "safe-buffer": {
      "version": "5.1.2",
      "resolved": "https://registry.npmjs.org/safe-buffer/-/safe-buffer-5.1.2.tgz",
      "integrity": "sha512-Gd2UZBJDkXlY7GbJxfsE8/nvKkUEU1G38c1siN6QP6a9PT9MmHB8GnpscSmMJSoF8LOIrt8ud/wPtojys4G6+g=="
    },
    "varint": {
      "version": "5.0.0",
      "resolved": "https://registry.npmjs.org/varint/-/varint-5.0.0.tgz",
      "integrity": "sha1-2Ca4n3SQcy+rwMDtaT7Uddyynr8="
    }
  }
}
